{
  "version": "5",
  "specifiers": {
    "jsr:@std/assert@1.0.14": "1.0.14",
    "jsr:@std/internal@^1.0.10": "1.0.14",
    "npm:hash-wasm@4.12.0": "4.12.0"
  },
  "jsr": {
    "@std/assert@1.0.14": {
      "integrity": "68d0d4a43b365abc927f45a9b85c639ea18a9fab96ad92281e493e4ed84abaa4",
      "dependencies": [
        "jsr:@std/internal"
      ]
    },
    "@std/internal@1.0.14": {
      "integrity": "291516b3d4c35024d6ffbc0a9df5bf4c64116e05b50012cf846710152d2ffdf7"
    }
  },
  "npm": {
    "hash-wasm@4.12.0": {
      "integrity": "sha512-+/2B2rYLb48I/evdOIhP+K/DD2ca2fgBjp6O+GBEnCDk2e4rpeXIK8GvIyRPjTezgmWn9gmKwkQjjx6BtqDHVQ=="
    }
  },
  "workspace": {
    "dependencies": [
      "jsr:@std/assert@1.0.14",
      "npm:hash-wasm@4.12.0"
    ]
  }
}
