lockfileVersion: '9.0'

settings:
  autoInstallPeers: true
  excludeLinksFromLockfile: false

importers:

  .:
    devDependencies:
      supabase:
        specifier: 2.114.0
        version: 2.114.0

packages:

  '@ecies/ciphers@0.2.6':
    resolution: {integrity: sha512-patgsRPKGkhhoBjETV4XxD0En4ui5fbX0hzayqI3M8tvNMGUoUvmyYAIWwlxBc1KX5cturfqByYdj5bYGRpN9g==}
    engines: {bun: '>=1', deno: '>=2.7.10', node: '>=16'}
    peerDependencies:
      '@noble/ciphers': ^1.0.0

  '@noble/ciphers@1.3.0':
    resolution: {integrity: sha512-2I0gnIVPtfnMw9ee9h1dJG7tp81+8Ob3OJb3Mv37rx5L40/b0i7djjCVvGOVqc9AEIQyvyu1i6ypKdFw8R8gQw==}
    engines: {node: ^14.21.3 || >=16}

  '@noble/curves@1.9.7':
    resolution: {integrity: sha512-gbKGcRUYIjA3/zCCNaWDciTMFI0dCkvou3TL8Zmy5Nc7sJ47a0jtOeZoTaMxkuqRo9cRhjOdZJXegxYE5FN/xw==}
    engines: {node: ^14.21.3 || >=16}

  '@noble/hashes@1.8.0':
    resolution: {integrity: sha512-jCs9ldd7NwzpgXDIf6P3+NrHh9/sD6CQdxHyjQI+h/6rDNo88ypBxxz45UDuZHz9r3tNz7N/VInSVoVdtXEI4A==}
    engines: {node: ^14.21.3 || >=16}

  '@supabase/cli-darwin-arm64@2.114.0':
    resolution: {integrity: sha512-zdZA+hf8W2sMDQkWWJKYcgOS6AAMsc8oMTaspfYrga41paUqSvuXZ4uAhBaNm3DiNeJmQ0ddb9EaLo0lPxaQpw==}
    cpu: [arm64]
    os: [darwin]

  '@supabase/cli-darwin-x64@2.114.0':
    resolution: {integrity: sha512-r89Go+y0IyBS+8pHsBZcs9s1W7xB8IL60k97INn0EYgPlE99Bgy7aZF+FQd+c1e3RAXLPS4/Znf7fheXKuNCtg==}
    cpu: [x64]
    os: [darwin]

  '@supabase/cli-linux-arm64-musl@2.114.0':
    resolution: {integrity: sha512-G5/97+h2CXzoK95jNlWY8CyOt+Zm0k3A9/d1r/jDYoB/y1P5cQmK1TYPPfI+ErWYQeoiQ6okfftAAg8bZEGqcA==}
    cpu: [arm64]
    os: [linux]
    libc: [musl]

  '@supabase/cli-linux-arm64@2.114.0':
    resolution: {integrity: sha512-vYFAP+gI6BOcwjZ+Zs9kpqtUt3KTE5kL56H65CTCdwRBJ/fXU+vCW3WvhLyFmKmJ8sDzjCvMcHwuhjKPbTmM7A==}
    cpu: [arm64]
    os: [linux]
    libc: [glibc]

  '@supabase/cli-linux-x64-musl@2.114.0':
    resolution: {integrity: sha512-87e8MzkKZryXOsmMSbrS4b4jX95uPohS/AplJb2QWwTzLuOXZ+G60e0NR9tkuYYc7TIrDAHhFxcGaQweRIERug==}
    cpu: [x64]
    os: [linux]
    libc: [musl]

  '@supabase/cli-linux-x64@2.114.0':
    resolution: {integrity: sha512-MKgeafQEWYVKCtJgOgGJo1SqiKI4dd5eN460FbLOg01j1sYh7zGqhHk8WxF3enc4WeFQpVMpv147UyrOueHheg==}
    cpu: [x64]
    os: [linux]
    libc: [glibc]

  '@supabase/cli-windows-arm64@2.114.0':
    resolution: {integrity: sha512-nhF/H5tPs0YsuKcdX5gGV6Ku7pFpSobXubt0y3rHfmR4itG6hhGE2We1hCyc7it0ozlDsA2NxOb1m9YlmY38+A==}
    cpu: [arm64]
    os: [win32]

  '@supabase/cli-windows-x64@2.114.0':
    resolution: {integrity: sha512-JtdgR9HvhgUxyd+GMpTECHCSFbAFP67/FJIWybYOVt5Qh6g4rqlLSWmT5zWFCQBSBw0dSw7xf2V3YB1+HESmiA==}
    cpu: [x64]
    os: [win32]

  eciesjs@0.5.0:
    resolution: {integrity: sha512-s0J9SEVYAEPg7J63GFMApLYzPH9VNIQIyC6s15JpnqVc0TqcKWdbgFlnAweEBRyMmko2dcs2sfC83Hj4J43tuA==}
    engines: {bun: '>=1', deno: '>=2.7.10', node: '>=16'}

  jose@6.2.9:
    resolution: {integrity: sha512-XrchZOFZUl/T3vTwRe8XK+cJrGtMF4th1ARnDfwbBXFKThGhlsxEE4Zu03AD/bjJSt/9jT/mxrOCkJWOg77aPA==}

  supabase@2.114.0:
    resolution: {integrity: sha512-JtCR+eDgVs2YtmZl5THdkaTeXex80lax+3V2SXRSuj280SWJPTIKxMLc82iDKjZlqXnt9zrGnJkrWb7DwHGPhQ==}
    hasBin: true

snapshots:

  '@ecies/ciphers@0.2.6(@noble/ciphers@1.3.0)':
    dependencies:
      '@noble/ciphers': 1.3.0

  '@noble/ciphers@1.3.0': {}

  '@noble/curves@1.9.7':
    dependencies:
      '@noble/hashes': 1.8.0

  '@noble/hashes@1.8.0': {}

  '@supabase/cli-darwin-arm64@2.114.0':
    optional: true

  '@supabase/cli-darwin-x64@2.114.0':
    optional: true

  '@supabase/cli-linux-arm64-musl@2.114.0':
    optional: true

  '@supabase/cli-linux-arm64@2.114.0':
    optional: true

  '@supabase/cli-linux-x64-musl@2.114.0':
    optional: true

  '@supabase/cli-linux-x64@2.114.0':
    optional: true

  '@supabase/cli-windows-arm64@2.114.0':
    optional: true

  '@supabase/cli-windows-x64@2.114.0':
    optional: true

  eciesjs@0.5.0:
    dependencies:
      '@ecies/ciphers': 0.2.6(@noble/ciphers@1.3.0)
      '@noble/ciphers': 1.3.0
      '@noble/curves': 1.9.7
      '@noble/hashes': 1.8.0

  jose@6.2.9: {}

  supabase@2.114.0:
    dependencies:
      eciesjs: 0.5.0
      jose: 6.2.9
    optionalDependencies:
      '@supabase/cli-darwin-arm64': 2.114.0
      '@supabase/cli-darwin-x64': 2.114.0
      '@supabase/cli-linux-arm64': 2.114.0
      '@supabase/cli-linux-arm64-musl': 2.114.0
      '@supabase/cli-linux-x64': 2.114.0
      '@supabase/cli-linux-x64-musl': 2.114.0
      '@supabase/cli-windows-arm64': 2.114.0
      '@supabase/cli-windows-x64': 2.114.0
